# Generated by buf. DO NOT EDIT.
version: v1
deps:
  - remote: buf.build
    owner: bazel
    repository: remote-apis
    commit: b202931f28c042aaaecc3491d99445e1
    digest: shake256:21b9c6c1499e9cf7d5d15d46705ebee67c2a2f948f9d3651088dfb1bfb3307edea149f4b6cc4c2cb30881f0985621fd9a1c34521400bde52dce860046eb95953
  - remote: buf.build
    owner: buildless
    repository: buildless
    commit: 81091cd481e0457e8ec820c97a5cd380
    digest: shake256:a512f88e5dcf32bb006fae97eb36fd3441fd30e729eb7f4d8a7a58601793e7a7b3fdfa5ec1ad61a8930b10bcca0fac78f0ed2915d1586cc10b7cfc41fd7f9e61
  - remote: buf.build
    owner: cel
    repository: spec
    commit: 0583f28ce7d3479d96fb006e8c4af067
    digest: shake256:b42af4e757829e6c475bad0f9c0e0c5d60c1f728f61494b7e5362568f22c4738dfb6dca044833aa9501dff7da54db55328be67f6f1cd6f2e62a00cefd3597526
  - remote: buf.build
    owner: cncf
    repository: xds
    commit: 0d869d8e763c430498070035c02ac001
    digest: shake256:b86eabc7d6290b46989d8db4ea39f7e4932d736373960ad4bf0d3118a76d5159c40cab7086fbb82d981aad1effcf45a3ff514adfff882460aa9dd2eb6d5535f5
  - remote: buf.build
    owner: elide
    repository: openapi
    commit: 0fc47b872ca044c782367f900f8eaf64
    digest: shake256:ae6eb1c05e10141d35184e7433bd37c97d1ef422bf2496892974de8a65741cd0e18e43f1d70d0d28fb387d996a58d55147c17f0dfe7ee70e64a26c191255d6ab
  - remote: buf.build
    owner: elide
    repository: safe-html-types
    commit: 3d5d7e9b28be4293bba1e2571091590e
    digest: shake256:7456d665f7d46d01a546fb74d48fe9233b39fc75f0a5dd8d3f645963ddb7347ac51ca9ade346f19d3ee59f787761f13619860f0a16a20a5dc2e78d0d08322931
  - remote: buf.build
    owner: elide
    repository: v3
    commit: d1d15f620a3e43f3a4403089a27f6dcc
    digest: shake256:7a0ae7bd9b9f8c85e2d1d59d12dab9f0c0321aed9f246b69b71946d2e894b0850196d448d0fc89f269283ce757d49723a7c3e5e279ea0f7e807be21015ebfa88
  - remote: buf.build
    owner: envoyproxy
    repository: envoy
    commit: 1ec8ea8729b64cde89d18b254411ff28
    digest: shake256:8e972e382fe3e88301c4d3a51297e0edbfd696dc61e958dfd9ba0b0cb9c8ec6659d3f248e6206ea70987947a84ffc2107437d8275381d0ce1bda6e35c012be2a
  - remote: buf.build
    owner: envoyproxy
    repository: protoc-gen-validate
    commit: eac44469a7af47e7839a7f1f3d7ac004
    digest: shake256:0feabcde01b6b11e3c75a5e3f807968d5995626546f39c37e5d4205892b3a59cced0ed83b35a2eb9e6dddd3309660ad46b737c9dcd224b425de0a6654ce04417
  - remote: buf.build
    owner: googleapis
    repository: googleapis
    commit: 28151c0d0a1641bf938a7672c500e01d
    digest: shake256:49215edf8ef57f7863004539deff8834cfb2195113f0b890dd1f67815d9353e28e668019165b9d872395871eeafcbab3ccfdb2b5f11734d3cca95be9e8d139de
  - remote: buf.build
    owner: grpc
    repository: grpc
    commit: a5b3a068eb8c45dea1ce4f36873286f8
    digest: shake256:ea78e2b906f1a2d5094d4b7fb576f4a05f5ab2f2a6957c4a6fb780e3aa49a5d7dc9a1845f9bff115e8033600cd5ede8f22284d7e8bc7c32c73bde753cfce24a8
  - remote: buf.build
    owner: opencensus
    repository: opencensus
    commit: 7e475551350545bda1ccb1e258c7b125
    digest: shake256:22499ad9824a29151f38e3ea026166bd2258f1f1b40d11246cb80718bff5d4a7fecd47ef857f5cd98609d7847c93329f603a4e43348abd7ac1ead22a6a964b05
  - remote: buf.build
    owner: opentelemetry
    repository: opentelemetry
    commit: 2ad07e196ee74068901737616c3f9e6c
    digest: shake256:b3ac419a36c0ab35b3d05ac4425cb6d824f8d8dbdebf12dd71f6f7ef6e728a527251080d22dddcfeae104840457153bf4f70e890562d120e76c609958c386fdc
  - remote: buf.build
    owner: prometheus
    repository: client-model
    commit: 741a6a7bbc7645f89b588c47a06fceb3
    digest: shake256:1b6db8908bc8557f4e87b308ea98debe476a119fb620e41d873df1065dd0d1b04dbb4466b5da52b985efd47f5f6658c2e33d11df63557e96ff6d54752cffdef2
